PODS:
  - FMDB-isExecutingStatement (1.0.0):
    - FMDB-isExecutingStatement/standard (= 1.0.0)
  - FMDB-isExecutingStatement/standard (1.0.0)

DEPENDENCIES:
  - FMDB-isExecutingStatement (from `../`)

EXTERNAL SOURCES:
  FMDB-isExecutingStatement:
    :path: "../"

SPEC CHECKSUMS:
  FMDB-isExecutingStatement: 5b8610c6b7266a4f719f771e7a10423c7cfc7b8e

PODFILE CHECKSUM: 094bc8ea8de317b3f057af7aac1f916747d7e67b

COCOAPODS: 1.8.4
